
Microsoft Visual Studio Solution File, Format Version 12.00
# Visual Studio Version 16
VisualStudioVersion = 16.0.29613.14
MinimumVisualStudioVersion = 10.0.40219.1
Project("{FAE04EC0-301F-11D3-BF4B-00C04F79EFBC}") = "12", "12.csproj", "{327D595F-D617-4379-9916-C14AB6EC6F76}"
EndProject
Global
	GlobalSection(SolutionConfigurationPlatforms) = preSolution
		Debug|Any CPU = Debug|Any CPU
		Release|Any CPU = Release|Any CPU
	EndGlobalSection
	GlobalSection(ProjectConfigurationPlatforms) = postSolution
		{327D595F-D617-4379-9916-C14AB6EC6F76}.Debug|Any CPU.ActiveCfg = Debug|Any CPU
		{327D595F-D617-4379-9916-C14AB6EC6F76}.Debug|Any CPU.Build.0 = Debug|Any CPU
		{327D595F-D617-4379-9916-C14AB6EC6F76}.Release|Any CPU.ActiveCfg = Release|Any CPU
		{327D595F-D617-4379-9916-C14AB6EC6F76}.Release|Any CPU.Build.0 = Release|Any CPU
	EndGlobalSection
	GlobalSection(SolutionProperties) = preSolution
		HideSolutionNode = FALSE
	EndGlobalSection
	GlobalSection(ExtensibilityGlobals) = postSolution
		SolutionGuid = {640AD51B-4537-45A5-A0BA-605A1B7392A5}
	EndGlobalSection
EndGlobal
