
Microsoft Visual Studio Solution File, Format Version 12.00
# Visual Studio Version 16
VisualStudioVersion = 16.0.29613.14
MinimumVisualStudioVersion = 10.0.40219.1
Project("{FAE04EC0-301F-11D3-BF4B-00C04F79EFBC}") = "11", "11.csproj", "{425A2FF0-1601-4593-A20B-143FA7C3559A}"
EndProject
Global
	GlobalSection(SolutionConfigurationPlatforms) = preSolution
		Debug|Any CPU = Debug|Any CPU
		Release|Any CPU = Release|Any CPU
	EndGlobalSection
	GlobalSection(ProjectConfigurationPlatforms) = postSolution
		{425A2FF0-1601-4593-A20B-143FA7C3559A}.Debug|Any CPU.ActiveCfg = Debug|Any CPU
		{425A2FF0-1601-4593-A20B-143FA7C3559A}.Debug|Any CPU.Build.0 = Debug|Any CPU
		{425A2FF0-1601-4593-A20B-143FA7C3559A}.Release|Any CPU.ActiveCfg = Release|Any CPU
		{425A2FF0-1601-4593-A20B-143FA7C3559A}.Release|Any CPU.Build.0 = Release|Any CPU
	EndGlobalSection
	GlobalSection(SolutionProperties) = preSolution
		HideSolutionNode = FALSE
	EndGlobalSection
	GlobalSection(ExtensibilityGlobals) = postSolution
		SolutionGuid = {EE8D3E0E-C0E9-41E5-B769-5168BF6141ED}
	EndGlobalSection
EndGlobal
